# This file is generated by running "yarn install" inside your project.
# Manual changes might be lost - proceed with caution!

__metadata:
  version: 8
  cacheKey: 10c0

"@babel/helper-string-parser@npm:^7.27.1":
  version: 7.27.1
  resolution: "@babel/helper-string-parser@npm:7.27.1"
  checksum: 10c0/8bda3448e07b5583727c103560bcf9c4c24b3c1051a4c516d4050ef69df37bb9a4734a585fe12725b8c2763de0a265aa1e909b485a4e3270b7cfd3e4dbe4b602
  languageName: node
  linkType: hard

"@babel/helper-validator-identifier@npm:^7.28.5":
  version: 7.28.5
  resolution: "@babel/helper-validator-identifier@npm:7.28.5"
  checksum: 10c0/42aaebed91f739a41f3d80b72752d1f95fd7c72394e8e4bd7cdd88817e0774d80a432451bcba17c2c642c257c483bf1d409dd4548883429ea9493a3bc4ab0847
  languageName: node
  linkType: hard

"@babel/parser@npm:^7.28.5":
  version: 7.28.5
  resolution: "@babel/parser@npm:7.28.5"
  dependencies:
    "@babel/types": "npm:^7.28.5"
  bin:
    parser: ./bin/babel-parser.js
  checksum: 10c0/5bbe48bf2c79594ac02b490a41ffde7ef5aa22a9a88ad6bcc78432a6ba8a9d638d531d868bd1f104633f1f6bba9905746e15185b8276a3756c42b765d131b1ef
  languageName: node
  linkType: hard

"@babel/types@npm:^7.28.5":
  version: 7.28.5
  resolution: "@babel/types@npm:7.28.5"
  dependencies:
    "@babel/helper-string-parser": "npm:^7.27.1"
    "@babel/helper-validator-identifier": "npm:^7.28.5"
  checksum: 10c0/a5a483d2100befbf125793640dec26b90b95fd233a94c19573325898a5ce1e52cdfa96e495c7dcc31b5eca5b66ce3e6d4a0f5a4a62daec271455959f208ab08a
  languageName: node
  linkType: hard

"@fluentui/web-components@npm:^2.6.1":
  version: 2.6.1
  resolution: "@fluentui/web-components@npm:2.6.1"
  dependencies:
    "@microsoft/fast-colors": "npm:^5.3.0"
    "@microsoft/fast-element": "npm:^1.13.0"
    "@microsoft/fast-foundation": "npm:^2.49.6"
    "@microsoft/fast-web-utilities": "npm:^5.4.0"
    tslib: "npm:^2.1.0"
  checksum: 10c0/0f7c972f57060353f16dfce435420be52d4e456fb6d25fa9f5063a8dedb9bdf1ac3dd3fb3f30d5a88553e35d254ffd4c452ea5e9d9b3d263d3e52e3574d22200
  languageName: node
  linkType: hard

"@jridgewell/sourcemap-codec@npm:^1.5.5":
  version: 1.5.5
  resolution: "@jridgewell/sourcemap-codec@npm:1.5.5"
  checksum: 10c0/f9e538f302b63c0ebc06eecb1dd9918dd4289ed36147a0ddce35d6ea4d7ebbda243cda7b2213b6a5e1d8087a298d5cf630fb2bd39329cdecb82017023f6081a0
  languageName: node
  linkType: hard

"@microsoft/fast-colors@npm:^5.3.0":
  version: 5.3.1
  resolution: "@microsoft/fast-colors@npm:5.3.1"
  checksum: 10c0/4493b279370a4d565dd8401eb34f10e397d9e8847ac291532cc3013e7393895ac3434085d73e3bcb4d3c28ea52981a3e4f6679077fa2b9ae07d798f446abf233
  languageName: node
  linkType: hard

"@microsoft/fast-element@npm:^1.13.0, @microsoft/fast-element@npm:^1.14.0":
  version: 1.14.0
  resolution: "@microsoft/fast-element@npm:1.14.0"
  checksum: 10c0/06bafc475fe20fcd86a0b011b5e0d2e85c0d06d6e1a553a895ce378384abee76004fec24df286e812762210ec1a795d7629ae8f7e58345953b7e6b3faf7db4e5
  languageName: node
  linkType: hard

"@microsoft/fast-foundation@npm:^2.49.6":
  version: 2.50.0
  resolution: "@microsoft/fast-foundation@npm:2.50.0"
  dependencies:
    "@microsoft/fast-element": "npm:^1.14.0"
    "@microsoft/fast-web-utilities": "npm:^5.4.1"
    tabbable: "npm:^5.2.0"
    tslib: "npm:^1.13.0"
  checksum: 10c0/e9c24e1742d49f97062a3d132b12286466f7943da763ee6c8bc9b2fefd89a9e58fab2059cc1e6b380021fd14b7415fb196fabd9c9286f623ba7e7065636eee11
  languageName: node
  linkType: hard

"@microsoft/fast-web-utilities@npm:^5.4.0, @microsoft/fast-web-utilities@npm:^5.4.1":
  version: 5.4.1
  resolution: "@microsoft/fast-web-utilities@npm:5.4.1"
  dependencies:
    exenv-es6: "npm:^1.1.1"
  checksum: 10c0/12efc658b190b7977f8272f8f5fe1d3388cdc8b919053a50043b15fd8f858d4544dcbc6df7dca3e71f87c7f045b596f9799413f52f9c57e10db5932a5714c5bc
  languageName: node
  linkType: hard

"@tauri-apps/api@npm:^2.0.0":
  version: 2.9.1
  resolution: "@tauri-apps/api@npm:2.9.1"
  checksum: 10c0/18c76ec58b579860bfde5cd5b5ea6c3b13019d356c17d436bf395cafdf15dd1f277364cacd24cc94e5d4aa3816f39698f231773d2a18625e98702295ab0c2c8f
  languageName: node
  linkType: hard

"@tauri-apps/cli-darwin-arm64@npm:2.9.6":
  version: 2.9.6
  resolution: "@tauri-apps/cli-darwin-arm64@npm:2.9.6"
  conditions: os=darwin & cpu=arm64
  languageName: node
  linkType: hard

"@tauri-apps/cli-darwin-x64@npm:2.9.6":
  version: 2.9.6
  resolution: "@tauri-apps/cli-darwin-x64@npm:2.9.6"
  conditions: os=darwin & cpu=x64
  languageName: node
  linkType: hard

"@tauri-apps/cli-linux-arm-gnueabihf@npm:2.9.6":
  version: 2.9.6
  resolution: "@tauri-apps/cli-linux-arm-gnueabihf@npm:2.9.6"
  conditions: os=linux & cpu=arm
  languageName: node
  linkType: hard

"@tauri-apps/cli-linux-arm64-gnu@npm:2.9.6":
  version: 2.9.6
  resolution: "@tauri-apps/cli-linux-arm64-gnu@npm:2.9.6"
  conditions: os=linux & cpu=arm64 & libc=glibc
  languageName: node
  linkType: hard

"@tauri-apps/cli-linux-arm64-musl@npm:2.9.6":
  version: 2.9.6
  resolution: "@tauri-apps/cli-linux-arm64-musl@npm:2.9.6"
  conditions: os=linux & cpu=arm64 & libc=musl
  languageName: node
  linkType: hard

"@tauri-apps/cli-linux-riscv64-gnu@npm:2.9.6":
  version: 2.9.6
  resolution: "@tauri-apps/cli-linux-riscv64-gnu@npm:2.9.6"
  conditions: os=linux & cpu=riscv64 & libc=glibc
  languageName: node
  linkType: hard

"@tauri-apps/cli-linux-x64-gnu@npm:2.9.6":
  version: 2.9.6
  resolution: "@tauri-apps/cli-linux-x64-gnu@npm:2.9.6"
  conditions: os=linux & cpu=x64 & libc=glibc
  languageName: node
  linkType: hard

"@tauri-apps/cli-linux-x64-musl@npm:2.9.6":
  version: 2.9.6
  resolution: "@tauri-apps/cli-linux-x64-musl@npm:2.9.6"
  conditions: os=linux & cpu=x64 & libc=musl
  languageName: node
  linkType: hard

"@tauri-apps/cli-win32-arm64-msvc@npm:2.9.6":
  version: 2.9.6
  resolution: "@tauri-apps/cli-win32-arm64-msvc@npm:2.9.6"
  conditions: os=win32 & cpu=arm64
  languageName: node
  linkType: hard

"@tauri-apps/cli-win32-ia32-msvc@npm:2.9.6":
  version: 2.9.6
  resolution: "@tauri-apps/cli-win32-ia32-msvc@npm:2.9.6"
  conditions: os=win32 & cpu=ia32
  languageName: node
  linkType: hard

"@tauri-apps/cli-win32-x64-msvc@npm:2.9.6":
  version: 2.9.6
  resolution: "@tauri-apps/cli-win32-x64-msvc@npm:2.9.6"
  conditions: os=win32 & cpu=x64
  languageName: node
  linkType: hard

"@tauri-apps/cli@npm:^2":
  version: 2.9.6
  resolution: "@tauri-apps/cli@npm:2.9.6"
  dependencies:
    "@tauri-apps/cli-darwin-arm64": "npm:2.9.6"
    "@tauri-apps/cli-darwin-x64": "npm:2.9.6"
    "@tauri-apps/cli-linux-arm-gnueabihf": "npm:2.9.6"
    "@tauri-apps/cli-linux-arm64-gnu": "npm:2.9.6"
    "@tauri-apps/cli-linux-arm64-musl": "npm:2.9.6"
    "@tauri-apps/cli-linux-riscv64-gnu": "npm:2.9.6"
    "@tauri-apps/cli-linux-x64-gnu": "npm:2.9.6"
    "@tauri-apps/cli-linux-x64-musl": "npm:2.9.6"
    "@tauri-apps/cli-win32-arm64-msvc": "npm:2.9.6"
    "@tauri-apps/cli-win32-ia32-msvc": "npm:2.9.6"
    "@tauri-apps/cli-win32-x64-msvc": "npm:2.9.6"
  dependenciesMeta:
    "@tauri-apps/cli-darwin-arm64":
      optional: true
    "@tauri-apps/cli-darwin-x64":
      optional: true
    "@tauri-apps/cli-linux-arm-gnueabihf":
      optional: true
    "@tauri-apps/cli-linux-arm64-gnu":
      optional: true
    "@tauri-apps/cli-linux-arm64-musl":
      optional: true
    "@tauri-apps/cli-linux-riscv64-gnu":
      optional: true
    "@tauri-apps/cli-linux-x64-gnu":
      optional: true
    "@tauri-apps/cli-linux-x64-musl":
      optional: true
    "@tauri-apps/cli-win32-arm64-msvc":
      optional: true
    "@tauri-apps/cli-win32-ia32-msvc":
      optional: true
    "@tauri-apps/cli-win32-x64-msvc":
      optional: true
  bin:
    tauri: tauri.js
  checksum: 10c0/f8aed97b4dec2ad99720315d8bf392624e5db13eff30e89340849d14b17020a3f65af847f1ebdad88f187ccb0f00512e77a17af8c607350fc9a7c68c05414b8b
  languageName: node
  linkType: hard

"@vue/compiler-core@npm:3.5.26":
  version: 3.5.26
  resolution: "@vue/compiler-core@npm:3.5.26"
  dependencies:
    "@babel/parser": "npm:^7.28.5"
    "@vue/shared": "npm:3.5.26"
    entities: "npm:^7.0.0"
    estree-walker: "npm:^2.0.2"
    source-map-js: "npm:^1.2.1"
  checksum: 10c0/7f777efb4157e81263672c3b62ade61831295ce9fbf29cd5ce25bf1a8f352171edaac622580297ad667acbc5aa403d48aa65f4bf6b1dbfd862844f12fb9a13cf
  languageName: node
  linkType: hard

"@vue/compiler-dom@npm:3.5.26":
  version: 3.5.26
  resolution: "@vue/compiler-dom@npm:3.5.26"
  dependencies:
    "@vue/compiler-core": "npm:3.5.26"
    "@vue/shared": "npm:3.5.26"
  checksum: 10c0/39fe35374276467c63e299c1bd72558a65f534fe2a69404699bf3d5c0b4c39b459af6500f4d79b3b38cb0067760940ded5b4c29f021eccfec564eee36206b709
  languageName: node
  linkType: hard

"@vue/compiler-sfc@npm:3.5.26":
  version: 3.5.26
  resolution: "@vue/compiler-sfc@npm:3.5.26"
  dependencies:
    "@babel/parser": "npm:^7.28.5"
    "@vue/compiler-core": "npm:3.5.26"
    "@vue/compiler-dom": "npm:3.5.26"
    "@vue/compiler-ssr": "npm:3.5.26"
    "@vue/shared": "npm:3.5.26"
    estree-walker: "npm:^2.0.2"
    magic-string: "npm:^0.30.21"
    postcss: "npm:^8.5.6"
    source-map-js: "npm:^1.2.1"
  checksum: 10c0/0d9fe747bc4ddbc69ad06de316e5ec4ba8aa374ea824f71c2c7d3659f08a88e2102e152e89196f131903b41b4c5731c2d05ee5f889afdca6596128fa0eedb913
  languageName: node
  linkType: hard

"@vue/compiler-ssr@npm:3.5.26":
  version: 3.5.26
  resolution: "@vue/compiler-ssr@npm:3.5.26"
  dependencies:
    "@vue/compiler-dom": "npm:3.5.26"
    "@vue/shared": "npm:3.5.26"
  checksum: 10c0/bcaece46af4c44be887cf3b944a40592bcaa928b9238151eaaba38cbe80cb667c4cc8c3a07e49d1f8b52c171345b484114b70e80bad5e75c0e3baccfc3e84870
  languageName: node
  linkType: hard

"@vue/reactivity@npm:3.5.26":
  version: 3.5.26
  resolution: "@vue/reactivity@npm:3.5.26"
  dependencies:
    "@vue/shared": "npm:3.5.26"
  checksum: 10c0/0a2788897310590a38525cf672131744b68c3fec23b6d3b8744f418ec70e1c6a95aace86a81934a1818f8bba1c7aedd29972dbf68a431b9aeabc9b10e66e7530
  languageName: node
  linkType: hard

"@vue/runtime-core@npm:3.5.26":
  version: 3.5.26
  resolution: "@vue/runtime-core@npm:3.5.26"
  dependencies:
    "@vue/reactivity": "npm:3.5.26"
    "@vue/shared": "npm:3.5.26"
  checksum: 10c0/6e2f2223c5843c379d0c6046e5e5a6ff9c8dac6377e3dc3f260ece0e86ba92c0783d75bc71ac1085035beb9ec528ed9834deb1a35af3c687430b5a6637f84265
  languageName: node
  linkType: hard

"@vue/runtime-dom@npm:3.5.26":
  version: 3.5.26
  resolution: "@vue/runtime-dom@npm:3.5.26"
  dependencies:
    "@vue/reactivity": "npm:3.5.26"
    "@vue/runtime-core": "npm:3.5.26"
    "@vue/shared": "npm:3.5.26"
    csstype: "npm:^3.2.3"
  checksum: 10c0/7918c71082e7baf8803816cf793fb3037eb8451954d1b85adbdf1396ed66a0871f9282bb60b01e23563a80d1edbea7164b1470a5a5e97d0eb7a113f8315a16d3
  languageName: node
  linkType: hard

"@vue/server-renderer@npm:3.5.26":
  version: 3.5.26
  resolution: "@vue/server-renderer@npm:3.5.26"
  dependencies:
    "@vue/compiler-ssr": "npm:3.5.26"
    "@vue/shared": "npm:3.5.26"
  peerDependencies:
    vue: 3.5.26
  checksum: 10c0/edbacb0d5510403d24a045ffc6025f7c4701febe6bba033e7a2be02b382f206e13d95620ff07ec2ad01b571a4012b9f5c5eff81ee806b744e0a1ab176e1bd27a
  languageName: node
  linkType: hard

"@vue/shared@npm:3.5.26":
  version: 3.5.26
  resolution: "@vue/shared@npm:3.5.26"
  checksum: 10c0/176edf41858cdd3019fc063fda28a0a6f5c5299a350e09aebb19fbe352d5ca4f7fc18993bf749f07d06baa803030d31a9b8538eef852feb1ce5b3b5a99d5ef3c
  languageName: node
  linkType: hard

"csstype@npm:^3.2.3":
  version: 3.2.3
  resolution: "csstype@npm:3.2.3"
  checksum: 10c0/cd29c51e70fa822f1cecd8641a1445bed7063697469d35633b516e60fe8c1bde04b08f6c5b6022136bb669b64c63d4173af54864510fbb4ee23281801841a3ce
  languageName: node
  linkType: hard

"entities@npm:^7.0.0":
  version: 7.0.0
  resolution: "entities@npm:7.0.0"
  checksum: 10c0/4e7cc40cd00b64adede81780fd85c0bd0a905e863b5ef0b01718028ffbc113886c281deb57e1ce0e13a6e349a2d404ff383c876673b81d6dc56e87bf3e5a022a
  languageName: node
  linkType: hard

"estree-walker@npm:^2.0.2":
  version: 2.0.2
  resolution: "estree-walker@npm:2.0.2"
  checksum: 10c0/53a6c54e2019b8c914dc395890153ffdc2322781acf4bd7d1a32d7aedc1710807bdcd866ac133903d5629ec601fbb50abe8c2e5553c7f5a0afdd9b6af6c945af
  languageName: node
  linkType: hard

"exenv-es6@npm:^1.1.1":
  version: 1.1.1
  resolution: "exenv-es6@npm:1.1.1"
  checksum: 10c0/66e70b0ceffba2c720fcd4342002c4d3f6908deea7012ca612c97ad115b7cbb2d39030626947883aafd5f05488d32362485934444906db08502bb6c8ada6e130
  languageName: node
  linkType: hard

"magic-string@npm:^0.30.21":
  version: 0.30.21
  resolution: "magic-string@npm:0.30.21"
  dependencies:
    "@jridgewell/sourcemap-codec": "npm:^1.5.5"
  checksum: 10c0/299378e38f9a270069fc62358522ddfb44e94244baa0d6a8980ab2a9b2490a1d03b236b447eee309e17eb3bddfa482c61259d47960eb018a904f0ded52780c4a
  languageName: node
  linkType: hard

"nanoid@npm:^3.3.11":
  version: 3.3.11
  resolution: "nanoid@npm:3.3.11"
  bin:
    nanoid: bin/nanoid.cjs
  checksum: 10c0/40e7f70b3d15f725ca072dfc4f74e81fcf1fbb02e491cf58ac0c79093adc9b0a73b152bcde57df4b79cd097e13023d7504acb38404a4da7bc1cd8e887b82fe0b
  languageName: node
  linkType: hard

"picocolors@npm:^1.1.1":
  version: 1.1.1
  resolution: "picocolors@npm:1.1.1"
  checksum: 10c0/e2e3e8170ab9d7c7421969adaa7e1b31434f789afb9b3f115f6b96d91945041ac3ceb02e9ec6fe6510ff036bcc0bf91e69a1772edc0b707e12b19c0f2d6bcf58
  languageName: node
  linkType: hard

"postcss@npm:^8.5.6":
  version: 8.5.6
  resolution: "postcss@npm:8.5.6"
  dependencies:
    nanoid: "npm:^3.3.11"
    picocolors: "npm:^1.1.1"
    source-map-js: "npm:^1.2.1"
  checksum: 10c0/5127cc7c91ed7a133a1b7318012d8bfa112da9ef092dddf369ae699a1f10ebbd89b1b9f25f3228795b84585c72aabd5ced5fc11f2ba467eedf7b081a66fad024
  languageName: node
  linkType: hard

"source-map-js@npm:^1.2.1":
  version: 1.2.1
  resolution: "source-map-js@npm:1.2.1"
  checksum: 10c0/7bda1fc4c197e3c6ff17de1b8b2c20e60af81b63a52cb32ec5a5d67a20a7d42651e2cb34ebe93833c5a2a084377e17455854fee3e21e7925c64a51b6a52b0faf
  languageName: node
  linkType: hard

"tabbable@npm:^5.2.0":
  version: 5.3.3
  resolution: "tabbable@npm:5.3.3"
  checksum: 10c0/c6cb54be76ecff7d0132fed77ff11cedf76a2ce320f55e350f70d8f68998227e72bc3f8b1ee5e7b02dbe4b4c2ef7b6fa43c3aea7cfa82ef06e7d23746df97a35
  languageName: node
  linkType: hard

"tauri-app@workspace:.":
  version: 0.0.0-use.local
  resolution: "tauri-app@workspace:."
  dependencies:
    "@fluentui/web-components": "npm:^2.6.1"
    "@tauri-apps/cli": "npm:^2"
    tauri-plugin-media-api: "npm:^0.1.1"
    vue: "npm:^3.5.26"
  languageName: unknown
  linkType: soft

"tauri-plugin-media-api@npm:^0.1.1":
  version: 0.1.1
  resolution: "tauri-plugin-media-api@npm:0.1.1"
  dependencies:
    "@tauri-apps/api": "npm:^2.0.0"
  checksum: 10c0/b8e879c675bb8e9d7bc79d042cbd6bcd8dfce0aaf8429329c80a1f66068db651fb560f2f1099fcb99583f23385f521b44c6dcac35b7e3f26738d4a64b9a76046
  languageName: node
  linkType: hard

"tslib@npm:^1.13.0":
  version: 1.14.1
  resolution: "tslib@npm:1.14.1"
  checksum: 10c0/69ae09c49eea644bc5ebe1bca4fa4cc2c82b7b3e02f43b84bd891504edf66dbc6b2ec0eef31a957042de2269139e4acff911e6d186a258fb14069cd7f6febce2
  languageName: node
  linkType: hard

"tslib@npm:^2.1.0":
  version: 2.8.1
  resolution: "tslib@npm:2.8.1"
  checksum: 10c0/9c4759110a19c53f992d9aae23aac5ced636e99887b51b9e61def52611732872ff7668757d4e4c61f19691e36f4da981cd9485e869b4a7408d689f6bf1f14e62
  languageName: node
  linkType: hard

"vue@npm:^3.5.26":
  version: 3.5.26
  resolution: "vue@npm:3.5.26"
  dependencies:
    "@vue/compiler-dom": "npm:3.5.26"
    "@vue/compiler-sfc": "npm:3.5.26"
    "@vue/runtime-dom": "npm:3.5.26"
    "@vue/server-renderer": "npm:3.5.26"
    "@vue/shared": "npm:3.5.26"
  peerDependencies:
    typescript: "*"
  peerDependenciesMeta:
    typescript:
      optional: true
  checksum: 10c0/057630af8a278b8a682974e3f92388821701be800b3d545d9b45c1444138ccaff1902d2065dab0e7cb971c0509e6c22c09e90787ee5bc8d262ede7012e61f871
  languageName: node
  linkType: hard
